
Microsoft Visual Studio Solution File, Format Version 12.00
# Visual Studio Version 17
VisualStudioVersion = 17.0.31903.59
MinimumVisualStudioVersion = 10.0.40219.1
Project("{2150E333-8FDC-42A3-9474-1A3956D46DE8}") = "src", "src", "{827E0CD3-B72D-47B6-A68D-7590B98EB39B}"
EndProject
Project("{FAE04EC0-301F-11D3-BF4B-00C04F79EFBC}") = "NetRts.AppHost", "src\NetRts.AppHost\NetRts.AppHost.csproj", "{D63D2958-C3BE-47E4-89D1-CED7E073BD76}"
EndProject
Project("{FAE04EC0-301F-11D3-BF4B-00C04F79EFBC}") = "NetRts.ServiceDefaults", "src\NetRts.ServiceDefaults\NetRts.ServiceDefaults.csproj", "{AB578EA7-A4F5-4E18-A117-3DE93BCFE8FF}"
EndProject
Project("{FAE04EC0-301F-11D3-BF4B-00C04F79EFBC}") = "NetRts.Protocol", "src\NetRts.Protocol\NetRts.Protocol.csproj", "{AC6055C2-33B9-4DA9-AEFA-1FC161ADBD95}"
EndProject
Project("{FAE04EC0-301F-11D3-BF4B-00C04F79EFBC}") = "NetRts.Engine", "src\NetRts.Engine\NetRts.Engine.csproj", "{16944F04-C149-4F7E-8050-1E329A0FC5E7}"
EndProject
Project("{FAE04EC0-301F-11D3-BF4B-00C04F79EFBC}") = "NetRts.Bots", "src\NetRts.Bots\NetRts.Bots.csproj", "{C1BDA151-E595-4820-B96C-BFEA52F177CD}"
EndProject
Project("{2150E333-8FDC-42A3-9474-1A3956D46DE8}") = "tests", "tests", "{0AB3BF05-4346-4AA6-1389-037BE0695223}"
EndProject
Project("{FAE04EC0-301F-11D3-BF4B-00C04F79EFBC}") = "NetRts.Engine.Tests", "tests\NetRts.Engine.Tests\NetRts.Engine.Tests.csproj", "{19D6816B-FF72-401C-8AF9-C6F29A74BE80}"
EndProject
Project("{FAE04EC0-301F-11D3-BF4B-00C04F79EFBC}") = "NetRts.Server", "src\NetRts.Server\NetRts.Server.csproj", "{5D941FE3-2A7A-4169-883D-6A9AD5D90CFE}"
EndProject
Project("{FAE04EC0-301F-11D3-BF4B-00C04F79EFBC}") = "NetRts.Server.Tests", "tests\NetRts.Server.Tests\NetRts.Server.Tests.csproj", "{8DA36959-5BAF-4110-A017-D7A5A19A4F9C}"
EndProject
Project("{FAE04EC0-301F-11D3-BF4B-00C04F79EFBC}") = "NetRts.BotRunner", "src\NetRts.BotRunner\NetRts.BotRunner.csproj", "{5482F135-F2E1-4353-B80E-B92143392D2C}"
EndProject
Global
	GlobalSection(SolutionConfigurationPlatforms) = preSolution
		Debug|Any CPU = Debug|Any CPU
		Debug|x64 = Debug|x64
		Debug|x86 = Debug|x86
		Release|Any CPU = Release|Any CPU
		Release|x64 = Release|x64
		Release|x86 = Release|x86
	EndGlobalSection
	GlobalSection(ProjectConfigurationPlatforms) = postSolution
		{D63D2958-C3BE-47E4-89D1-CED7E073BD76}.Debug|Any CPU.ActiveCfg = Debug|Any CPU
		{D63D2958-C3BE-47E4-89D1-CED7E073BD76}.Debug|Any CPU.Build.0 = Debug|Any CPU
		{D63D2958-C3BE-47E4-89D1-CED7E073BD76}.Debug|x64.ActiveCfg = Debug|Any CPU
		{D63D2958-C3BE-47E4-89D1-CED7E073BD76}.Debug|x64.Build.0 = Debug|Any CPU
		{D63D2958-C3BE-47E4-89D1-CED7E073BD76}.Debug|x86.ActiveCfg = Debug|Any CPU
		{D63D2958-C3BE-47E4-89D1-CED7E073BD76}.Debug|x86.Build.0 = Debug|Any CPU
		{D63D2958-C3BE-47E4-89D1-CED7E073BD76}.Release|Any CPU.ActiveCfg = Release|Any CPU
		{D63D2958-C3BE-47E4-89D1-CED7E073BD76}.Release|Any CPU.Build.0 = Release|Any CPU
		{D63D2958-C3BE-47E4-89D1-CED7E073BD76}.Release|x64.ActiveCfg = Release|Any CPU
		{D63D2958-C3BE-47E4-89D1-CED7E073BD76}.Release|x64.Build.0 = Release|Any CPU
		{D63D2958-C3BE-47E4-89D1-CED7E073BD76}.Release|x86.ActiveCfg = Release|Any CPU
		{D63D2958-C3BE-47E4-89D1-CED7E073BD76}.Release|x86.Build.0 = Release|Any CPU
		{AB578EA7-A4F5-4E18-A117-3DE93BCFE8FF}.Debug|Any CPU.ActiveCfg = Debug|Any CPU
		{AB578EA7-A4F5-4E18-A117-3DE93BCFE8FF}.Debug|Any CPU.Build.0 = Debug|Any CPU
		{AB578EA7-A4F5-4E18-A117-3DE93BCFE8FF}.Debug|x64.ActiveCfg = Debug|Any CPU
		{AB578EA7-A4F5-4E18-A117-3DE93BCFE8FF}.Debug|x64.Build.0 = Debug|Any CPU
		{AB578EA7-A4F5-4E18-A117-3DE93BCFE8FF}.Debug|x86.ActiveCfg = Debug|Any CPU
		{AB578EA7-A4F5-4E18-A117-3DE93BCFE8FF}.Debug|x86.Build.0 = Debug|Any CPU
		{AB578EA7-A4F5-4E18-A117-3DE93BCFE8FF}.Release|Any CPU.ActiveCfg = Release|Any CPU
		{AB578EA7-A4F5-4E18-A117-3DE93BCFE8FF}.Release|Any CPU.Build.0 = Release|Any CPU
		{AB578EA7-A4F5-4E18-A117-3DE93BCFE8FF}.Release|x64.ActiveCfg = Release|Any CPU
		{AB578EA7-A4F5-4E18-A117-3DE93BCFE8FF}.Release|x64.Build.0 = Release|Any CPU
		{AB578EA7-A4F5-4E18-A117-3DE93BCFE8FF}.Release|x86.ActiveCfg = Release|Any CPU
		{AB578EA7-A4F5-4E18-A117-3DE93BCFE8FF}.Release|x86.Build.0 = Release|Any CPU
		{AC6055C2-33B9-4DA9-AEFA-1FC161ADBD95}.Debug|Any CPU.ActiveCfg = Debug|Any CPU
		{AC6055C2-33B9-4DA9-AEFA-1FC161ADBD95}.Debug|Any CPU.Build.0 = Debug|Any CPU
		{AC6055C2-33B9-4DA9-AEFA-1FC161ADBD95}.Debug|x64.ActiveCfg = Debug|Any CPU
		{AC6055C2-33B9-4DA9-AEFA-1FC161ADBD95}.Debug|x64.Build.0 = Debug|Any CPU
		{AC6055C2-33B9-4DA9-AEFA-1FC161ADBD95}.Debug|x86.ActiveCfg = Debug|Any CPU
		{AC6055C2-33B9-4DA9-AEFA-1FC161ADBD95}.Debug|x86.Build.0 = Debug|Any CPU
		{AC6055C2-33B9-4DA9-AEFA-1FC161ADBD95}.Release|Any CPU.ActiveCfg = Release|Any CPU
		{AC6055C2-33B9-4DA9-AEFA-1FC161ADBD95}.Release|Any CPU.Build.0 = Release|Any CPU
		{AC6055C2-33B9-4DA9-AEFA-1FC161ADBD95}.Release|x64.ActiveCfg = Release|Any CPU
		{AC6055C2-33B9-4DA9-AEFA-1FC161ADBD95}.Release|x64.Build.0 = Release|Any CPU
		{AC6055C2-33B9-4DA9-AEFA-1FC161ADBD95}.Release|x86.ActiveCfg = Release|Any CPU
		{AC6055C2-33B9-4DA9-AEFA-1FC161ADBD95}.Release|x86.Build.0 = Release|Any CPU
		{16944F04-C149-4F7E-8050-1E329A0FC5E7}.Debug|Any CPU.ActiveCfg = Debug|Any CPU
		{16944F04-C149-4F7E-8050-1E329A0FC5E7}.Debug|Any CPU.Build.0 = Debug|Any CPU
		{16944F04-C149-4F7E-8050-1E329A0FC5E7}.Debug|x64.ActiveCfg = Debug|Any CPU
		{16944F04-C149-4F7E-8050-1E329A0FC5E7}.Debug|x64.Build.0 = Debug|Any CPU
		{16944F04-C149-4F7E-8050-1E329A0FC5E7}.Debug|x86.ActiveCfg = Debug|Any CPU
		{16944F04-C149-4F7E-8050-1E329A0FC5E7}.Debug|x86.Build.0 = Debug|Any CPU
		{16944F04-C149-4F7E-8050-1E329A0FC5E7}.Release|Any CPU.ActiveCfg = Release|Any CPU
		{16944F04-C149-4F7E-8050-1E329A0FC5E7}.Release|Any CPU.Build.0 = Release|Any CPU
		{16944F04-C149-4F7E-8050-1E329A0FC5E7}.Release|x64.ActiveCfg = Release|Any CPU
		{16944F04-C149-4F7E-8050-1E329A0FC5E7}.Release|x64.Build.0 = Release|Any CPU
		{16944F04-C149-4F7E-8050-1E329A0FC5E7}.Release|x86.ActiveCfg = Release|Any CPU
		{16944F04-C149-4F7E-8050-1E329A0FC5E7}.Release|x86.Build.0 = Release|Any CPU
		{C1BDA151-E595-4820-B96C-BFEA52F177CD}.Debug|Any CPU.ActiveCfg = Debug|Any CPU
		{C1BDA151-E595-4820-B96C-BFEA52F177CD}.Debug|Any CPU.Build.0 = Debug|Any CPU
		{C1BDA151-E595-4820-B96C-BFEA52F177CD}.Debug|x64.ActiveCfg = Debug|Any CPU
		{C1BDA151-E595-4820-B96C-BFEA52F177CD}.Debug|x64.Build.0 = Debug|Any CPU
		{C1BDA151-E595-4820-B96C-BFEA52F177CD}.Debug|x86.ActiveCfg = Debug|Any CPU
		{C1BDA151-E595-4820-B96C-BFEA52F177CD}.Debug|x86.Build.0 = Debug|Any CPU
		{C1BDA151-E595-4820-B96C-BFEA52F177CD}.Release|Any CPU.ActiveCfg = Release|Any CPU
		{C1BDA151-E595-4820-B96C-BFEA52F177CD}.Release|Any CPU.Build.0 = Release|Any CPU
		{C1BDA151-E595-4820-B96C-BFEA52F177CD}.Release|x64.ActiveCfg = Release|Any CPU
		{C1BDA151-E595-4820-B96C-BFEA52F177CD}.Release|x64.Build.0 = Release|Any CPU
		{C1BDA151-E595-4820-B96C-BFEA52F177CD}.Release|x86.ActiveCfg = Release|Any CPU
		{C1BDA151-E595-4820-B96C-BFEA52F177CD}.Release|x86.Build.0 = Release|Any CPU
		{19D6816B-FF72-401C-8AF9-C6F29A74BE80}.Debug|Any CPU.ActiveCfg = Debug|Any CPU
		{19D6816B-FF72-401C-8AF9-C6F29A74BE80}.Debug|Any CPU.Build.0 = Debug|Any CPU
		{19D6816B-FF72-401C-8AF9-C6F29A74BE80}.Debug|x64.ActiveCfg = Debug|Any CPU
		{19D6816B-FF72-401C-8AF9-C6F29A74BE80}.Debug|x64.Build.0 = Debug|Any CPU
		{19D6816B-FF72-401C-8AF9-C6F29A74BE80}.Debug|x86.ActiveCfg = Debug|Any CPU
		{19D6816B-FF72-401C-8AF9-C6F29A74BE80}.Debug|x86.Build.0 = Debug|Any CPU
		{19D6816B-FF72-401C-8AF9-C6F29A74BE80}.Release|Any CPU.ActiveCfg = Release|Any CPU
		{19D6816B-FF72-401C-8AF9-C6F29A74BE80}.Release|Any CPU.Build.0 = Release|Any CPU
		{19D6816B-FF72-401C-8AF9-C6F29A74BE80}.Release|x64.ActiveCfg = Release|Any CPU
		{19D6816B-FF72-401C-8AF9-C6F29A74BE80}.Release|x64.Build.0 = Release|Any CPU
		{19D6816B-FF72-401C-8AF9-C6F29A74BE80}.Release|x86.ActiveCfg = Release|Any CPU
		{19D6816B-FF72-401C-8AF9-C6F29A74BE80}.Release|x86.Build.0 = Release|Any CPU
		{5D941FE3-2A7A-4169-883D-6A9AD5D90CFE}.Debug|Any CPU.ActiveCfg = Debug|Any CPU
		{5D941FE3-2A7A-4169-883D-6A9AD5D90CFE}.Debug|Any CPU.Build.0 = Debug|Any CPU
		{5D941FE3-2A7A-4169-883D-6A9AD5D90CFE}.Debug|x64.ActiveCfg = Debug|Any CPU
		{5D941FE3-2A7A-4169-883D-6A9AD5D90CFE}.Debug|x64.Build.0 = Debug|Any CPU
		{5D941FE3-2A7A-4169-883D-6A9AD5D90CFE}.Debug|x86.ActiveCfg = Debug|Any CPU
		{5D941FE3-2A7A-4169-883D-6A9AD5D90CFE}.Debug|x86.Build.0 = Debug|Any CPU
		{5D941FE3-2A7A-4169-883D-6A9AD5D90CFE}.Release|Any CPU.ActiveCfg = Release|Any CPU
		{5D941FE3-2A7A-4169-883D-6A9AD5D90CFE}.Release|Any CPU.Build.0 = Release|Any CPU
		{5D941FE3-2A7A-4169-883D-6A9AD5D90CFE}.Release|x64.ActiveCfg = Release|Any CPU
		{5D941FE3-2A7A-4169-883D-6A9AD5D90CFE}.Release|x64.Build.0 = Release|Any CPU
		{5D941FE3-2A7A-4169-883D-6A9AD5D90CFE}.Release|x86.ActiveCfg = Release|Any CPU
		{5D941FE3-2A7A-4169-883D-6A9AD5D90CFE}.Release|x86.Build.0 = Release|Any CPU
		{8DA36959-5BAF-4110-A017-D7A5A19A4F9C}.Debug|Any CPU.ActiveCfg = Debug|Any CPU
		{8DA36959-5BAF-4110-A017-D7A5A19A4F9C}.Debug|Any CPU.Build.0 = Debug|Any CPU
		{8DA36959-5BAF-4110-A017-D7A5A19A4F9C}.Debug|x64.ActiveCfg = Debug|Any CPU
		{8DA36959-5BAF-4110-A017-D7A5A19A4F9C}.Debug|x64.Build.0 = Debug|Any CPU
		{8DA36959-5BAF-4110-A017-D7A5A19A4F9C}.Debug|x86.ActiveCfg = Debug|Any CPU
		{8DA36959-5BAF-4110-A017-D7A5A19A4F9C}.Debug|x86.Build.0 = Debug|Any CPU
		{8DA36959-5BAF-4110-A017-D7A5A19A4F9C}.Release|Any CPU.ActiveCfg = Release|Any CPU
		{8DA36959-5BAF-4110-A017-D7A5A19A4F9C}.Release|Any CPU.Build.0 = Release|Any CPU
		{8DA36959-5BAF-4110-A017-D7A5A19A4F9C}.Release|x64.ActiveCfg = Release|Any CPU
		{8DA36959-5BAF-4110-A017-D7A5A19A4F9C}.Release|x64.Build.0 = Release|Any CPU
		{8DA36959-5BAF-4110-A017-D7A5A19A4F9C}.Release|x86.ActiveCfg = Release|Any CPU
		{8DA36959-5BAF-4110-A017-D7A5A19A4F9C}.Release|x86.Build.0 = Release|Any CPU
		{5482F135-F2E1-4353-B80E-B92143392D2C}.Debug|Any CPU.ActiveCfg = Debug|Any CPU
		{5482F135-F2E1-4353-B80E-B92143392D2C}.Debug|Any CPU.Build.0 = Debug|Any CPU
		{5482F135-F2E1-4353-B80E-B92143392D2C}.Debug|x64.ActiveCfg = Debug|Any CPU
		{5482F135-F2E1-4353-B80E-B92143392D2C}.Debug|x64.Build.0 = Debug|Any CPU
		{5482F135-F2E1-4353-B80E-B92143392D2C}.Debug|x86.ActiveCfg = Debug|Any CPU
		{5482F135-F2E1-4353-B80E-B92143392D2C}.Debug|x86.Build.0 = Debug|Any CPU
		{5482F135-F2E1-4353-B80E-B92143392D2C}.Release|Any CPU.ActiveCfg = Release|Any CPU
		{5482F135-F2E1-4353-B80E-B92143392D2C}.Release|Any CPU.Build.0 = Release|Any CPU
		{5482F135-F2E1-4353-B80E-B92143392D2C}.Release|x64.ActiveCfg = Release|Any CPU
		{5482F135-F2E1-4353-B80E-B92143392D2C}.Release|x64.Build.0 = Release|Any CPU
		{5482F135-F2E1-4353-B80E-B92143392D2C}.Release|x86.ActiveCfg = Release|Any CPU
		{5482F135-F2E1-4353-B80E-B92143392D2C}.Release|x86.Build.0 = Release|Any CPU
	EndGlobalSection
	GlobalSection(SolutionProperties) = preSolution
		HideSolutionNode = FALSE
	EndGlobalSection
	GlobalSection(NestedProjects) = preSolution
		{D63D2958-C3BE-47E4-89D1-CED7E073BD76} = {827E0CD3-B72D-47B6-A68D-7590B98EB39B}
		{AB578EA7-A4F5-4E18-A117-3DE93BCFE8FF} = {827E0CD3-B72D-47B6-A68D-7590B98EB39B}
		{AC6055C2-33B9-4DA9-AEFA-1FC161ADBD95} = {827E0CD3-B72D-47B6-A68D-7590B98EB39B}
		{16944F04-C149-4F7E-8050-1E329A0FC5E7} = {827E0CD3-B72D-47B6-A68D-7590B98EB39B}
		{C1BDA151-E595-4820-B96C-BFEA52F177CD} = {827E0CD3-B72D-47B6-A68D-7590B98EB39B}
		{19D6816B-FF72-401C-8AF9-C6F29A74BE80} = {0AB3BF05-4346-4AA6-1389-037BE0695223}
		{5D941FE3-2A7A-4169-883D-6A9AD5D90CFE} = {827E0CD3-B72D-47B6-A68D-7590B98EB39B}
		{8DA36959-5BAF-4110-A017-D7A5A19A4F9C} = {0AB3BF05-4346-4AA6-1389-037BE0695223}
		{5482F135-F2E1-4353-B80E-B92143392D2C} = {827E0CD3-B72D-47B6-A68D-7590B98EB39B}
	EndGlobalSection
EndGlobal
