
Microsoft Visual Studio Solution File, Format Version 12.00
# Visual Studio Version 17
VisualStudioVersion = 17.0.31903.59
MinimumVisualStudioVersion = 10.0.40219.1
Project("{2150E333-8FDC-42A3-9474-1A3956D46DE8}") = "src", "src", "{827E0CD3-B72D-47B6-A68D-7590B98EB39B}"
EndProject
Project("{FAE04EC0-301F-11D3-BF4B-00C04F79EFBC}") = "NetRts.AppHost", "src\NetRts.AppHost\NetRts.AppHost.csproj", "{D63D2958-C3BE-47E4-89D1-CED7E073BD76}"
EndProject
Project("{FAE04EC0-301F-11D3-BF4B-00C04F79EFBC}") = "NetRts.ServiceDefaults", "src\NetRts.ServiceDefaults\NetRts.ServiceDefaults.csproj", "{AB578EA7-A4F5-4E18-A117-3DE93BCFE8FF}"
EndProject
Project("{FAE04EC0-301F-11D3-BF4B-00C04F79EFBC}") = "NetRts.Api", "src\NetRts.Api\NetRts.Api.csproj", "{1AC4FD55-1F1D-433B-90E0-F8400AFE09DE}"
EndProject
Project("{FAE04EC0-301F-11D3-BF4B-00C04F79EFBC}") = "NetRts.Application", "src\NetRts.Application\NetRts.Application.csproj", "{3BE7A4F7-0817-42EA-B276-3195B88C9DBE}"
EndProject
Project("{FAE04EC0-301F-11D3-BF4B-00C04F79EFBC}") = "NetRts.Domain", "src\NetRts.Domain\NetRts.Domain.csproj", "{C42BAFFD-EFE3-4343-B7A9-62AE76A7D782}"
EndProject
Project("{FAE04EC0-301F-11D3-BF4B-00C04F79EFBC}") = "NetRts.Infrastructure", "src\NetRts.Infrastructure\NetRts.Infrastructure.csproj", "{E153E9A2-F74A-45E3-8D9A-CE9B53DC3CC7}"
EndProject
Project("{FAE04EC0-301F-11D3-BF4B-00C04F79EFBC}") = "NetRts.Client", "src\NetRts.Client\NetRts.Client.csproj", "{1ABC5BE2-DFAC-4669-8239-87D52EB8D02B}"
EndProject
Project("{FAE04EC0-301F-11D3-BF4B-00C04F79EFBC}") = "NetRts.Contracts", "src\NetRts.Contracts\NetRts.Contracts.csproj", "{80008C7E-5AC0-4828-8C2A-A32035F2BA06}"
EndProject
Project("{2150E333-8FDC-42A3-9474-1A3956D46DE8}") = "tests", "tests", "{0AB3BF05-4346-4AA6-1389-037BE0695223}"
EndProject
Project("{FAE04EC0-301F-11D3-BF4B-00C04F79EFBC}") = "NetRts.UnitTests", "tests\NetRts.UnitTests\NetRts.UnitTests.csproj", "{1A581189-6FCF-4BF8-895F-781CB1FBDF2E}"
EndProject
Project("{FAE04EC0-301F-11D3-BF4B-00C04F79EFBC}") = "NetRts.IntegrationTests", "tests\NetRts.IntegrationTests\NetRts.IntegrationTests.csproj", "{EC47DF9C-0E27-4DE0-A825-B528B7CC2A07}"
EndProject
Project("{FAE04EC0-301F-11D3-BF4B-00C04F79EFBC}") = "NetRts.ContractTests", "tests\NetRts.ContractTests\NetRts.ContractTests.csproj", "{33D3604A-DBF1-41A6-A718-E2D0B5EDE010}"
EndProject
Project("{FAE04EC0-301F-11D3-BF4B-00C04F79EFBC}") = "NetRts.EndToEndTests", "tests\NetRts.EndToEndTests\NetRts.EndToEndTests.csproj", "{EDB90D9E-6A9F-438F-BAFC-B0AF065AE065}"
EndProject
Global
	GlobalSection(SolutionConfigurationPlatforms) = preSolution
		Debug|Any CPU = Debug|Any CPU
		Debug|x64 = Debug|x64
		Debug|x86 = Debug|x86
		Release|Any CPU = Release|Any CPU
		Release|x64 = Release|x64
		Release|x86 = Release|x86
	EndGlobalSection
	GlobalSection(ProjectConfigurationPlatforms) = postSolution
		{D63D2958-C3BE-47E4-89D1-CED7E073BD76}.Debug|Any CPU.ActiveCfg = Debug|Any CPU
		{D63D2958-C3BE-47E4-89D1-CED7E073BD76}.Debug|Any CPU.Build.0 = Debug|Any CPU
		{D63D2958-C3BE-47E4-89D1-CED7E073BD76}.Debug|x64.ActiveCfg = Debug|Any CPU
		{D63D2958-C3BE-47E4-89D1-CED7E073BD76}.Debug|x64.Build.0 = Debug|Any CPU
		{D63D2958-C3BE-47E4-89D1-CED7E073BD76}.Debug|x86.ActiveCfg = Debug|Any CPU
		{D63D2958-C3BE-47E4-89D1-CED7E073BD76}.Debug|x86.Build.0 = Debug|Any CPU
		{D63D2958-C3BE-47E4-89D1-CED7E073BD76}.Release|Any CPU.ActiveCfg = Release|Any CPU
		{D63D2958-C3BE-47E4-89D1-CED7E073BD76}.Release|Any CPU.Build.0 = Release|Any CPU
		{D63D2958-C3BE-47E4-89D1-CED7E073BD76}.Release|x64.ActiveCfg = Release|Any CPU
		{D63D2958-C3BE-47E4-89D1-CED7E073BD76}.Release|x64.Build.0 = Release|Any CPU
		{D63D2958-C3BE-47E4-89D1-CED7E073BD76}.Release|x86.ActiveCfg = Release|Any CPU
		{D63D2958-C3BE-47E4-89D1-CED7E073BD76}.Release|x86.Build.0 = Release|Any CPU
		{AB578EA7-A4F5-4E18-A117-3DE93BCFE8FF}.Debug|Any CPU.ActiveCfg = Debug|Any CPU
		{AB578EA7-A4F5-4E18-A117-3DE93BCFE8FF}.Debug|Any CPU.Build.0 = Debug|Any CPU
		{AB578EA7-A4F5-4E18-A117-3DE93BCFE8FF}.Debug|x64.ActiveCfg = Debug|Any CPU
		{AB578EA7-A4F5-4E18-A117-3DE93BCFE8FF}.Debug|x64.Build.0 = Debug|Any CPU
		{AB578EA7-A4F5-4E18-A117-3DE93BCFE8FF}.Debug|x86.ActiveCfg = Debug|Any CPU
		{AB578EA7-A4F5-4E18-A117-3DE93BCFE8FF}.Debug|x86.Build.0 = Debug|Any CPU
		{AB578EA7-A4F5-4E18-A117-3DE93BCFE8FF}.Release|Any CPU.ActiveCfg = Release|Any CPU
		{AB578EA7-A4F5-4E18-A117-3DE93BCFE8FF}.Release|Any CPU.Build.0 = Release|Any CPU
		{AB578EA7-A4F5-4E18-A117-3DE93BCFE8FF}.Release|x64.ActiveCfg = Release|Any CPU
		{AB578EA7-A4F5-4E18-A117-3DE93BCFE8FF}.Release|x64.Build.0 = Release|Any CPU
		{AB578EA7-A4F5-4E18-A117-3DE93BCFE8FF}.Release|x86.ActiveCfg = Release|Any CPU
		{AB578EA7-A4F5-4E18-A117-3DE93BCFE8FF}.Release|x86.Build.0 = Release|Any CPU
		{1AC4FD55-1F1D-433B-90E0-F8400AFE09DE}.Debug|Any CPU.ActiveCfg = Debug|Any CPU
		{1AC4FD55-1F1D-433B-90E0-F8400AFE09DE}.Debug|Any CPU.Build.0 = Debug|Any CPU
		{1AC4FD55-1F1D-433B-90E0-F8400AFE09DE}.Debug|x64.ActiveCfg = Debug|Any CPU
		{1AC4FD55-1F1D-433B-90E0-F8400AFE09DE}.Debug|x64.Build.0 = Debug|Any CPU
		{1AC4FD55-1F1D-433B-90E0-F8400AFE09DE}.Debug|x86.ActiveCfg = Debug|Any CPU
		{1AC4FD55-1F1D-433B-90E0-F8400AFE09DE}.Debug|x86.Build.0 = Debug|Any CPU
		{1AC4FD55-1F1D-433B-90E0-F8400AFE09DE}.Release|Any CPU.ActiveCfg = Release|Any CPU
		{1AC4FD55-1F1D-433B-90E0-F8400AFE09DE}.Release|Any CPU.Build.0 = Release|Any CPU
		{1AC4FD55-1F1D-433B-90E0-F8400AFE09DE}.Release|x64.ActiveCfg = Release|Any CPU
		{1AC4FD55-1F1D-433B-90E0-F8400AFE09DE}.Release|x64.Build.0 = Release|Any CPU
		{1AC4FD55-1F1D-433B-90E0-F8400AFE09DE}.Release|x86.ActiveCfg = Release|Any CPU
		{1AC4FD55-1F1D-433B-90E0-F8400AFE09DE}.Release|x86.Build.0 = Release|Any CPU
		{3BE7A4F7-0817-42EA-B276-3195B88C9DBE}.Debug|Any CPU.ActiveCfg = Debug|Any CPU
		{3BE7A4F7-0817-42EA-B276-3195B88C9DBE}.Debug|Any CPU.Build.0 = Debug|Any CPU
		{3BE7A4F7-0817-42EA-B276-3195B88C9DBE}.Debug|x64.ActiveCfg = Debug|Any CPU
		{3BE7A4F7-0817-42EA-B276-3195B88C9DBE}.Debug|x64.Build.0 = Debug|Any CPU
		{3BE7A4F7-0817-42EA-B276-3195B88C9DBE}.Debug|x86.ActiveCfg = Debug|Any CPU
		{3BE7A4F7-0817-42EA-B276-3195B88C9DBE}.Debug|x86.Build.0 = Debug|Any CPU
		{3BE7A4F7-0817-42EA-B276-3195B88C9DBE}.Release|Any CPU.ActiveCfg = Release|Any CPU
		{3BE7A4F7-0817-42EA-B276-3195B88C9DBE}.Release|Any CPU.Build.0 = Release|Any CPU
		{3BE7A4F7-0817-42EA-B276-3195B88C9DBE}.Release|x64.ActiveCfg = Release|Any CPU
		{3BE7A4F7-0817-42EA-B276-3195B88C9DBE}.Release|x64.Build.0 = Release|Any CPU
		{3BE7A4F7-0817-42EA-B276-3195B88C9DBE}.Release|x86.ActiveCfg = Release|Any CPU
		{3BE7A4F7-0817-42EA-B276-3195B88C9DBE}.Release|x86.Build.0 = Release|Any CPU
		{C42BAFFD-EFE3-4343-B7A9-62AE76A7D782}.Debug|Any CPU.ActiveCfg = Debug|Any CPU
		{C42BAFFD-EFE3-4343-B7A9-62AE76A7D782}.Debug|Any CPU.Build.0 = Debug|Any CPU
		{C42BAFFD-EFE3-4343-B7A9-62AE76A7D782}.Debug|x64.ActiveCfg = Debug|Any CPU
		{C42BAFFD-EFE3-4343-B7A9-62AE76A7D782}.Debug|x64.Build.0 = Debug|Any CPU
		{C42BAFFD-EFE3-4343-B7A9-62AE76A7D782}.Debug|x86.ActiveCfg = Debug|Any CPU
		{C42BAFFD-EFE3-4343-B7A9-62AE76A7D782}.Debug|x86.Build.0 = Debug|Any CPU
		{C42BAFFD-EFE3-4343-B7A9-62AE76A7D782}.Release|Any CPU.ActiveCfg = Release|Any CPU
		{C42BAFFD-EFE3-4343-B7A9-62AE76A7D782}.Release|Any CPU.Build.0 = Release|Any CPU
		{C42BAFFD-EFE3-4343-B7A9-62AE76A7D782}.Release|x64.ActiveCfg = Release|Any CPU
		{C42BAFFD-EFE3-4343-B7A9-62AE76A7D782}.Release|x64.Build.0 = Release|Any CPU
		{C42BAFFD-EFE3-4343-B7A9-62AE76A7D782}.Release|x86.ActiveCfg = Release|Any CPU
		{C42BAFFD-EFE3-4343-B7A9-62AE76A7D782}.Release|x86.Build.0 = Release|Any CPU
		{E153E9A2-F74A-45E3-8D9A-CE9B53DC3CC7}.Debug|Any CPU.ActiveCfg = Debug|Any CPU
		{E153E9A2-F74A-45E3-8D9A-CE9B53DC3CC7}.Debug|Any CPU.Build.0 = Debug|Any CPU
		{E153E9A2-F74A-45E3-8D9A-CE9B53DC3CC7}.Debug|x64.ActiveCfg = Debug|Any CPU
		{E153E9A2-F74A-45E3-8D9A-CE9B53DC3CC7}.Debug|x64.Build.0 = Debug|Any CPU
		{E153E9A2-F74A-45E3-8D9A-CE9B53DC3CC7}.Debug|x86.ActiveCfg = Debug|Any CPU
		{E153E9A2-F74A-45E3-8D9A-CE9B53DC3CC7}.Debug|x86.Build.0 = Debug|Any CPU
		{E153E9A2-F74A-45E3-8D9A-CE9B53DC3CC7}.Release|Any CPU.ActiveCfg = Release|Any CPU
		{E153E9A2-F74A-45E3-8D9A-CE9B53DC3CC7}.Release|Any CPU.Build.0 = Release|Any CPU
		{E153E9A2-F74A-45E3-8D9A-CE9B53DC3CC7}.Release|x64.ActiveCfg = Release|Any CPU
		{E153E9A2-F74A-45E3-8D9A-CE9B53DC3CC7}.Release|x64.Build.0 = Release|Any CPU
		{E153E9A2-F74A-45E3-8D9A-CE9B53DC3CC7}.Release|x86.ActiveCfg = Release|Any CPU
		{E153E9A2-F74A-45E3-8D9A-CE9B53DC3CC7}.Release|x86.Build.0 = Release|Any CPU
		{1ABC5BE2-DFAC-4669-8239-87D52EB8D02B}.Debug|Any CPU.ActiveCfg = Debug|Any CPU
		{1ABC5BE2-DFAC-4669-8239-87D52EB8D02B}.Debug|Any CPU.Build.0 = Debug|Any CPU
		{1ABC5BE2-DFAC-4669-8239-87D52EB8D02B}.Debug|x64.ActiveCfg = Debug|Any CPU
		{1ABC5BE2-DFAC-4669-8239-87D52EB8D02B}.Debug|x64.Build.0 = Debug|Any CPU
		{1ABC5BE2-DFAC-4669-8239-87D52EB8D02B}.Debug|x86.ActiveCfg = Debug|Any CPU
		{1ABC5BE2-DFAC-4669-8239-87D52EB8D02B}.Debug|x86.Build.0 = Debug|Any CPU
		{1ABC5BE2-DFAC-4669-8239-87D52EB8D02B}.Release|Any CPU.ActiveCfg = Release|Any CPU
		{1ABC5BE2-DFAC-4669-8239-87D52EB8D02B}.Release|Any CPU.Build.0 = Release|Any CPU
		{1ABC5BE2-DFAC-4669-8239-87D52EB8D02B}.Release|x64.ActiveCfg = Release|Any CPU
		{1ABC5BE2-DFAC-4669-8239-87D52EB8D02B}.Release|x64.Build.0 = Release|Any CPU
		{1ABC5BE2-DFAC-4669-8239-87D52EB8D02B}.Release|x86.ActiveCfg = Release|Any CPU
		{1ABC5BE2-DFAC-4669-8239-87D52EB8D02B}.Release|x86.Build.0 = Release|Any CPU
		{80008C7E-5AC0-4828-8C2A-A32035F2BA06}.Debug|Any CPU.ActiveCfg = Debug|Any CPU
		{80008C7E-5AC0-4828-8C2A-A32035F2BA06}.Debug|Any CPU.Build.0 = Debug|Any CPU
		{80008C7E-5AC0-4828-8C2A-A32035F2BA06}.Debug|x64.ActiveCfg = Debug|Any CPU
		{80008C7E-5AC0-4828-8C2A-A32035F2BA06}.Debug|x64.Build.0 = Debug|Any CPU
		{80008C7E-5AC0-4828-8C2A-A32035F2BA06}.Debug|x86.ActiveCfg = Debug|Any CPU
		{80008C7E-5AC0-4828-8C2A-A32035F2BA06}.Debug|x86.Build.0 = Debug|Any CPU
		{80008C7E-5AC0-4828-8C2A-A32035F2BA06}.Release|Any CPU.ActiveCfg = Release|Any CPU
		{80008C7E-5AC0-4828-8C2A-A32035F2BA06}.Release|Any CPU.Build.0 = Release|Any CPU
		{80008C7E-5AC0-4828-8C2A-A32035F2BA06}.Release|x64.ActiveCfg = Release|Any CPU
		{80008C7E-5AC0-4828-8C2A-A32035F2BA06}.Release|x64.Build.0 = Release|Any CPU
		{80008C7E-5AC0-4828-8C2A-A32035F2BA06}.Release|x86.ActiveCfg = Release|Any CPU
		{80008C7E-5AC0-4828-8C2A-A32035F2BA06}.Release|x86.Build.0 = Release|Any CPU
		{1A581189-6FCF-4BF8-895F-781CB1FBDF2E}.Debug|Any CPU.ActiveCfg = Debug|Any CPU
		{1A581189-6FCF-4BF8-895F-781CB1FBDF2E}.Debug|Any CPU.Build.0 = Debug|Any CPU
		{1A581189-6FCF-4BF8-895F-781CB1FBDF2E}.Debug|x64.ActiveCfg = Debug|Any CPU
		{1A581189-6FCF-4BF8-895F-781CB1FBDF2E}.Debug|x64.Build.0 = Debug|Any CPU
		{1A581189-6FCF-4BF8-895F-781CB1FBDF2E}.Debug|x86.ActiveCfg = Debug|Any CPU
		{1A581189-6FCF-4BF8-895F-781CB1FBDF2E}.Debug|x86.Build.0 = Debug|Any CPU
		{1A581189-6FCF-4BF8-895F-781CB1FBDF2E}.Release|Any CPU.ActiveCfg = Release|Any CPU
		{1A581189-6FCF-4BF8-895F-781CB1FBDF2E}.Release|Any CPU.Build.0 = Release|Any CPU
		{1A581189-6FCF-4BF8-895F-781CB1FBDF2E}.Release|x64.ActiveCfg = Release|Any CPU
		{1A581189-6FCF-4BF8-895F-781CB1FBDF2E}.Release|x64.Build.0 = Release|Any CPU
		{1A581189-6FCF-4BF8-895F-781CB1FBDF2E}.Release|x86.ActiveCfg = Release|Any CPU
		{1A581189-6FCF-4BF8-895F-781CB1FBDF2E}.Release|x86.Build.0 = Release|Any CPU
		{EC47DF9C-0E27-4DE0-A825-B528B7CC2A07}.Debug|Any CPU.ActiveCfg = Debug|Any CPU
		{EC47DF9C-0E27-4DE0-A825-B528B7CC2A07}.Debug|Any CPU.Build.0 = Debug|Any CPU
		{EC47DF9C-0E27-4DE0-A825-B528B7CC2A07}.Debug|x64.ActiveCfg = Debug|Any CPU
		{EC47DF9C-0E27-4DE0-A825-B528B7CC2A07}.Debug|x64.Build.0 = Debug|Any CPU
		{EC47DF9C-0E27-4DE0-A825-B528B7CC2A07}.Debug|x86.ActiveCfg = Debug|Any CPU
		{EC47DF9C-0E27-4DE0-A825-B528B7CC2A07}.Debug|x86.Build.0 = Debug|Any CPU
		{EC47DF9C-0E27-4DE0-A825-B528B7CC2A07}.Release|Any CPU.ActiveCfg = Release|Any CPU
		{EC47DF9C-0E27-4DE0-A825-B528B7CC2A07}.Release|Any CPU.Build.0 = Release|Any CPU
		{EC47DF9C-0E27-4DE0-A825-B528B7CC2A07}.Release|x64.ActiveCfg = Release|Any CPU
		{EC47DF9C-0E27-4DE0-A825-B528B7CC2A07}.Release|x64.Build.0 = Release|Any CPU
		{EC47DF9C-0E27-4DE0-A825-B528B7CC2A07}.Release|x86.ActiveCfg = Release|Any CPU
		{EC47DF9C-0E27-4DE0-A825-B528B7CC2A07}.Release|x86.Build.0 = Release|Any CPU
		{33D3604A-DBF1-41A6-A718-E2D0B5EDE010}.Debug|Any CPU.ActiveCfg = Debug|Any CPU
		{33D3604A-DBF1-41A6-A718-E2D0B5EDE010}.Debug|Any CPU.Build.0 = Debug|Any CPU
		{33D3604A-DBF1-41A6-A718-E2D0B5EDE010}.Debug|x64.ActiveCfg = Debug|Any CPU
		{33D3604A-DBF1-41A6-A718-E2D0B5EDE010}.Debug|x64.Build.0 = Debug|Any CPU
		{33D3604A-DBF1-41A6-A718-E2D0B5EDE010}.Debug|x86.ActiveCfg = Debug|Any CPU
		{33D3604A-DBF1-41A6-A718-E2D0B5EDE010}.Debug|x86.Build.0 = Debug|Any CPU
		{33D3604A-DBF1-41A6-A718-E2D0B5EDE010}.Release|Any CPU.ActiveCfg = Release|Any CPU
		{33D3604A-DBF1-41A6-A718-E2D0B5EDE010}.Release|Any CPU.Build.0 = Release|Any CPU
		{33D3604A-DBF1-41A6-A718-E2D0B5EDE010}.Release|x64.ActiveCfg = Release|Any CPU
		{33D3604A-DBF1-41A6-A718-E2D0B5EDE010}.Release|x64.Build.0 = Release|Any CPU
		{33D3604A-DBF1-41A6-A718-E2D0B5EDE010}.Release|x86.ActiveCfg = Release|Any CPU
		{33D3604A-DBF1-41A6-A718-E2D0B5EDE010}.Release|x86.Build.0 = Release|Any CPU
		{EDB90D9E-6A9F-438F-BAFC-B0AF065AE065}.Debug|Any CPU.ActiveCfg = Debug|Any CPU
		{EDB90D9E-6A9F-438F-BAFC-B0AF065AE065}.Debug|Any CPU.Build.0 = Debug|Any CPU
		{EDB90D9E-6A9F-438F-BAFC-B0AF065AE065}.Debug|x64.ActiveCfg = Debug|Any CPU
		{EDB90D9E-6A9F-438F-BAFC-B0AF065AE065}.Debug|x64.Build.0 = Debug|Any CPU
		{EDB90D9E-6A9F-438F-BAFC-B0AF065AE065}.Debug|x86.ActiveCfg = Debug|Any CPU
		{EDB90D9E-6A9F-438F-BAFC-B0AF065AE065}.Debug|x86.Build.0 = Debug|Any CPU
		{EDB90D9E-6A9F-438F-BAFC-B0AF065AE065}.Release|Any CPU.ActiveCfg = Release|Any CPU
		{EDB90D9E-6A9F-438F-BAFC-B0AF065AE065}.Release|Any CPU.Build.0 = Release|Any CPU
		{EDB90D9E-6A9F-438F-BAFC-B0AF065AE065}.Release|x64.ActiveCfg = Release|Any CPU
		{EDB90D9E-6A9F-438F-BAFC-B0AF065AE065}.Release|x64.Build.0 = Release|Any CPU
		{EDB90D9E-6A9F-438F-BAFC-B0AF065AE065}.Release|x86.ActiveCfg = Release|Any CPU
		{EDB90D9E-6A9F-438F-BAFC-B0AF065AE065}.Release|x86.Build.0 = Release|Any CPU
	EndGlobalSection
	GlobalSection(SolutionProperties) = preSolution
		HideSolutionNode = FALSE
	EndGlobalSection
	GlobalSection(NestedProjects) = preSolution
		{D63D2958-C3BE-47E4-89D1-CED7E073BD76} = {827E0CD3-B72D-47B6-A68D-7590B98EB39B}
		{AB578EA7-A4F5-4E18-A117-3DE93BCFE8FF} = {827E0CD3-B72D-47B6-A68D-7590B98EB39B}
		{1AC4FD55-1F1D-433B-90E0-F8400AFE09DE} = {827E0CD3-B72D-47B6-A68D-7590B98EB39B}
		{3BE7A4F7-0817-42EA-B276-3195B88C9DBE} = {827E0CD3-B72D-47B6-A68D-7590B98EB39B}
		{C42BAFFD-EFE3-4343-B7A9-62AE76A7D782} = {827E0CD3-B72D-47B6-A68D-7590B98EB39B}
		{E153E9A2-F74A-45E3-8D9A-CE9B53DC3CC7} = {827E0CD3-B72D-47B6-A68D-7590B98EB39B}
		{1ABC5BE2-DFAC-4669-8239-87D52EB8D02B} = {827E0CD3-B72D-47B6-A68D-7590B98EB39B}
		{80008C7E-5AC0-4828-8C2A-A32035F2BA06} = {827E0CD3-B72D-47B6-A68D-7590B98EB39B}
		{1A581189-6FCF-4BF8-895F-781CB1FBDF2E} = {0AB3BF05-4346-4AA6-1389-037BE0695223}
		{EC47DF9C-0E27-4DE0-A825-B528B7CC2A07} = {0AB3BF05-4346-4AA6-1389-037BE0695223}
		{33D3604A-DBF1-41A6-A718-E2D0B5EDE010} = {0AB3BF05-4346-4AA6-1389-037BE0695223}
		{EDB90D9E-6A9F-438F-BAFC-B0AF065AE065} = {0AB3BF05-4346-4AA6-1389-037BE0695223}
	EndGlobalSection
EndGlobal
